{
  "name": "ng-treater",
  "version": "13.1.0",
  "lockfileVersion": 1,
  "requires": true,
  "dependencies": {
    "@types/mockjs": {
      "version": "1.0.6",
      "resolved": "https://registry.npmjs.org/@types/mockjs/-/mockjs-1.0.6.tgz",
      "integrity": "sha512-Yu5YlqbYZyqsd6LjO4e8ONJDN9pTSnciHDcRP4teNOh/au2b8helFhgRx+3w8xsTFEnwr9jtfTVJbAx+eYmlHA==",
      "dev": true
    }
  }
}
